
Microsoft Visual Studio Solution File, Format Version 12.00
# Visual Studio Version 16
VisualStudioVersion = 16.0.29613.14
MinimumVisualStudioVersion = 10.0.40219.1
Project("{9A19103F-16F7-4668-BE54-9A1E7A4F7556}") = "REST WebService", "REST WebService\REST WebService.csproj", "{F097ACCE-6F7B-4706-B9E1-625084E1F058}"
EndProject
Global
	GlobalSection(SolutionConfigurationPlatforms) = preSolution
		Debug|Any CPU = Debug|Any CPU
		Release|Any CPU = Release|Any CPU
	EndGlobalSection
	GlobalSection(ProjectConfigurationPlatforms) = postSolution
		{F097ACCE-6F7B-4706-B9E1-625084E1F058}.Debug|Any CPU.ActiveCfg = Debug|Any CPU
		{F097ACCE-6F7B-4706-B9E1-625084E1F058}.Debug|Any CPU.Build.0 = Debug|Any CPU
		{F097ACCE-6F7B-4706-B9E1-625084E1F058}.Release|Any CPU.ActiveCfg = Release|Any CPU
		{F097ACCE-6F7B-4706-B9E1-625084E1F058}.Release|Any CPU.Build.0 = Release|Any CPU
	EndGlobalSection
	GlobalSection(SolutionProperties) = preSolution
		HideSolutionNode = FALSE
	EndGlobalSection
	GlobalSection(ExtensibilityGlobals) = postSolution
		SolutionGuid = {6A7B50B5-4548-4AC2-957F-03F86A880D7C}
	EndGlobalSection
EndGlobal
